Microsoft Visual Studio Solution File, Format Version 12.00
# Visual Studio Version 17
VisualStudioVersion = 17.5.2.0
MinimumVisualStudioVersion = 10.0.40219.1
Project("{FAE04EC0-301F-11D3-BF4B-00C04F79EFBC}") = "StudyWorkspace", "StudyWorkspace.csproj", "{69B370D2-9D80-411C-D342-83B511AD2B19}"
EndProject
Global
	GlobalSection(SolutionConfigurationPlatforms) = preSolution
		Debug|Any CPU = Debug|Any CPU
		Release|Any CPU = Release|Any CPU
	EndGlobalSection
	GlobalSection(ProjectConfigurationPlatforms) = postSolution
		{69B370D2-9D80-411C-D342-83B511AD2B19}.Debug|Any CPU.ActiveCfg = Debug|Any CPU
		{69B370D2-9D80-411C-D342-83B511AD2B19}.Debug|Any CPU.Build.0 = Debug|Any CPU
		{69B370D2-9D80-411C-D342-83B511AD2B19}.Release|Any CPU.ActiveCfg = Release|Any CPU
		{69B370D2-9D80-411C-D342-83B511AD2B19}.Release|Any CPU.Build.0 = Release|Any CPU
	EndGlobalSection
	GlobalSection(SolutionProperties) = preSolution
		HideSolutionNode = FALSE
	EndGlobalSection
	GlobalSection(ExtensibilityGlobals) = postSolution
		SolutionGuid = {DA5B6B9A-05A0-4221-87A7-F4C06FBE92EE}
	EndGlobalSection
EndGlobal
